{
  "name": "focus-dt",
  "version": "1.0.4",
  "lockfileVersion": 3,
  "requires": true,
  "packages": {
    "": {
      "name": "focus-dt",
      "version": "1.0.4",
      "license": "Apache-2.0",
      "dependencies": {
        "gql.tada": "^1.11.2",
        "octokit": "^5.0.5",
        "vscode-chrome-debug-core": "^6.8.11",
        "winreg": "^1.2.5"
      },
      "bin": {
        "focus-dt": "bin/focus-dt"
      },
      "devDependencies": {
        "@0no-co/graphqlsp": "^1.17.3",
        "@types/node": "^22.20.0",
        "@types/winreg": "^1.2.36",
        "typescript": "^6.0.3"
      },
      "engines": {
        "node": ">=20.12"
      }
    },
    "node_modules/@0no-co/graphql.web": {
      "version": "1.3.2",
      "resolved": "https://registry.npmjs.org/@0no-co/graphql.web/-/graphql.web-1.3.2.tgz",
      "integrity": "sha512-Q1+pRlLhE31GOY/2c9BAEnFTNxO7Awtc6fhhEDlxyCBQ2N0IhD32cPVvPChrK9mwBNSgRdW/sF1kd2e0ojHj1Q==",
      "license": "MIT",
      "peerDependencies": {
        "graphql": "^14.0.0 || ^15.0.0 || ^16.0.0"
      },
      "peerDependenciesMeta": {
        "graphql": {
          "optional": true
        }
      }
    },
    "node_modules/@0no-co/graphqlsp": {
      "version": "1.17.3",
      "resolved": "https://registry.npmjs.org/@0no-co/graphqlsp/-/graphqlsp-1.17.3.tgz",
      "integrity": "sha512-4PPvxDPmbntddpgMyA3VId5/E9YGdRuuS/mW+THOvtTx/C79Pf+lN28LkNNACJrF9L7YACiAJelyOkC6LqUzvw==",
      "license": "MIT",
      "dependencies": {
        "@gql.tada/internal": "^1.2.0",
        "graphql": "^15.5.0 || ^16.0.0 || ^17.0.0"
      },
      "peerDependencies": {
        "graphql": "^15.5.0 || ^16.0.0 || ^17.0.0",
        "typescript": "^5.0.0 || ^6.0.0"
      }
    },
    "node_modules/@gql.tada/cli-utils": {
      "version": "1.9.2",
      "resolved": "https://registry.npmjs.org/@gql.tada/cli-utils/-/cli-utils-1.9.2.tgz",
      "integrity": "sha512-cVNs4v8ewLRYJfyAsaHbiAmd5Hm+zXEMvMhBksH58ZU87d6f8crsp2CQG6QtIqnJJw1q0CBWfWTZepGWNcL3QA==",
      "license": "MIT",
      "dependencies": {
        "@0no-co/graphqlsp": "^1.17.3",
        "@gql.tada/internal": "1.2.1",
        "graphql": "^15.5.0 || ^16.0.0 || ^17.0.0"
      },
      "peerDependencies": {
        "@0no-co/graphqlsp": "^1.16.0",
        "@gql.tada/svelte-support": "1.0.3",
        "@gql.tada/vue-support": "1.0.3",
        "graphql": "^15.5.0 || ^16.0.0 || ^17.0.0",
        "typescript": "^5.0.0 || ^6.0.0 || ^7.0.0 || ^8.0.0"
      },
      "peerDependenciesMeta": {
        "@gql.tada/svelte-support": {
          "optional": true
        },
        "@gql.tada/vue-support": {
          "optional": true
        }
      }
    },
    "node_modules/@gql.tada/internal": {
      "version": "1.2.1",
      "resolved": "https://registry.npmjs.org/@gql.tada/internal/-/internal-1.2.1.tgz",
      "integrity": "sha512-1kPMv9KRpD6mfVwtXK+iy43U/gi4bpr4ganfhPLD0TjxpbuVJm7CtZ9wMFdwy3FjLBFN2QhwscNnL7lRPHg4vg==",
      "license": "MIT",
      "dependencies": {
        "@0no-co/graphql.web": "^1.3.1"
      },
      "peerDependencies": {
        "graphql": "^15.5.0 || ^16.0.0 || ^17.0.0",
        "typescript": "^5.0.0 || ^6.0.0 || ^7.0.0 || ^8.0.0"
      }
    },
    "node_modules/@octokit/app": {
      "version": "16.1.2",
      "resolved": "https://registry.npmjs.org/@octokit/app/-/app-16.1.2.tgz",
      "integrity": "sha512-8j7sEpUYVj18dxvh0KWj6W/l6uAiVRBl1JBDVRqH1VHKAO/G5eRVl4yEoYACjakWers1DjUkcCHyJNQK47JqyQ==",
      "license": "MIT",
      "dependencies": {
        "@octokit/auth-app": "^8.1.2",
        "@octokit/auth-unauthenticated": "^7.0.3",
        "@octokit/core": "^7.0.6",
        "@octokit/oauth-app": "^8.0.3",
        "@octokit/plugin-paginate-rest": "^14.0.0",
        "@octokit/types": "^16.0.0",
        "@octokit/webhooks": "^14.0.0"
      },
      "engines": {
        "node": ">= 20"
      }
    },
    "node_modules/@octokit/auth-app": {
      "version": "8.2.0",
      "resolved": "https://registry.npmjs.org/@octokit/auth-app/-/auth-app-8.2.0.tgz",
      "integrity": "sha512-vVjdtQQwomrZ4V46B9LaCsxsySxGoHsyw6IYBov/TqJVROrlYdyNgw5q6tQbB7KZt53v1l1W53RiqTvpzL907g==",
      "license": "MIT",
      "dependencies": {
        "@octokit/auth-oauth-app": "^9.0.3",
        "@octokit/auth-oauth-user": "^6.0.2",
        "@octokit/request": "^10.0.6",
        "@octokit/request-error": "^7.0.2",
        "@octokit/types": "^16.0.0",
        "toad-cache": "^3.7.0",
        "universal-github-app-jwt": "^2.2.0",
        "universal-user-agent": "^7.0.0"
      },
      "engines": {
        "node": ">= 20"
      }
    },
    "node_modules/@octokit/auth-oauth-app": {
      "version": "9.0.3",
      "resolved": "https://registry.npmjs.org/@octokit/auth-oauth-app/-/auth-oauth-app-9.0.3.tgz",
      "integrity": "sha512-+yoFQquaF8OxJSxTb7rnytBIC2ZLbLqA/yb71I4ZXT9+Slw4TziV9j/kyGhUFRRTF2+7WlnIWsePZCWHs+OGjg==",
      "license": "MIT",
      "dependencies": {
        "@octokit/auth-oauth-device": "^8.0.3",
        "@octokit/auth-oauth-user": "^6.0.2",
        "@octokit/request": "^10.0.6",
        "@octokit/types": "^16.0.0",
        "universal-user-agent": "^7.0.0"
      },
      "engines": {
        "node": ">= 20"
      }
    },
    "node_modules/@octokit/auth-oauth-device": {
      "version": "8.0.3",
      "resolved": "https://registry.npmjs.org/@octokit/auth-oauth-device/-/auth-oauth-device-8.0.3.tgz",
      "integrity": "sha512-zh2W0mKKMh/VWZhSqlaCzY7qFyrgd9oTWmTmHaXnHNeQRCZr/CXy2jCgHo4e4dJVTiuxP5dLa0YM5p5QVhJHbw==",
      "license": "MIT",
      "dependencies": {
        "@octokit/oauth-methods": "^6.0.2",
        "@octokit/request": "^10.0.6",
        "@octokit/types": "^16.0.0",
        "universal-user-agent": "^7.0.0"
      },
      "engines": {
        "node": ">= 20"
      }
    },
    "node_modules/@octokit/auth-oauth-user": {
      "version": "6.0.2",
      "resolved": "https://registry.npmjs.org/@octokit/auth-oauth-user/-/auth-oauth-user-6.0.2.tgz",
      "integrity": "sha512-qLoPPc6E6GJoz3XeDG/pnDhJpTkODTGG4kY0/Py154i/I003O9NazkrwJwRuzgCalhzyIeWQ+6MDvkUmKXjg/A==",
      "license": "MIT",
      "dependencies": {
        "@octokit/auth-oauth-device": "^8.0.3",
        "@octokit/oauth-methods": "^6.0.2",
        "@octokit/request": "^10.0.6",
        "@octokit/types": "^16.0.0",
        "universal-user-agent": "^7.0.0"
      },
      "engines": {
        "node": ">= 20"
      }
    },
    "node_modules/@octokit/auth-token": {
      "version": "6.0.0",
      "resolved": "https://registry.npmjs.org/@octokit/auth-token/-/auth-token-6.0.0.tgz",
      "integrity": "sha512-P4YJBPdPSpWTQ1NU4XYdvHvXJJDxM6YwpS0FZHRgP7YFkdVxsWcpWGy/NVqlAA7PcPCnMacXlRm1y2PFZRWL/w==",
      "license": "MIT",
      "engines": {
        "node": ">= 20"
      }
    },
    "node_modules/@octokit/auth-unauthenticated": {
      "version": "7.0.3",
      "resolved": "https://registry.npmjs.org/@octokit/auth-unauthenticated/-/auth-unauthenticated-7.0.3.tgz",
      "integrity": "sha512-8Jb1mtUdmBHL7lGmop9mU9ArMRUTRhg8vp0T1VtZ4yd9vEm3zcLwmjQkhNEduKawOOORie61xhtYIhTDN+ZQ3g==",
      "license": "MIT",
      "dependencies": {
        "@octokit/request-error": "^7.0.2",
        "@octokit/types": "^16.0.0"
      },
      "engines": {
        "node": ">= 20"
      }
    },
    "node_modules/@octokit/core": {
      "version": "7.0.6",
      "resolved": "https://registry.npmjs.org/@octokit/core/-/core-7.0.6.tgz",
      "integrity": "sha512-DhGl4xMVFGVIyMwswXeyzdL4uXD5OGILGX5N8Y+f6W7LhC1Ze2poSNrkF/fedpVDHEEZ+PHFW0vL14I+mm8K3Q==",
      "license": "MIT",
      "dependencies": {
        "@octokit/auth-token": "^6.0.0",
        "@octokit/graphql": "^9.0.3",
        "@octokit/request": "^10.0.6",
        "@octokit/request-error": "^7.0.2",
        "@octokit/types": "^16.0.0",
        "before-after-hook": "^4.0.0",
        "universal-user-agent": "^7.0.0"
      },
      "engines": {
        "node": ">= 20"
      }
    },
    "node_modules/@octokit/endpoint": {
      "version": "11.0.3",
      "resolved": "https://registry.npmjs.org/@octokit/endpoint/-/endpoint-11.0.3.tgz",
      "integrity": "sha512-FWFlNxghg4HrXkD3ifYbS/IdL/mDHjh9QcsNyhQjN8dplUoZbejsdpmuqdA76nxj2xoWPs7p8uX2SNr9rYu0Ag==",
      "license": "MIT",
      "dependencies": {
        "@octokit/types": "^16.0.0",
        "universal-user-agent": "^7.0.2"
      },
      "engines": {
        "node": ">= 20"
      }
    },
    "node_modules/@octokit/graphql": {
      "version": "9.0.3",
      "resolved": "https://registry.npmjs.org/@octokit/graphql/-/graphql-9.0.3.tgz",
      "integrity": "sha512-grAEuupr/C1rALFnXTv6ZQhFuL1D8G5y8CN04RgrO4FIPMrtm+mcZzFG7dcBm+nq+1ppNixu+Jd78aeJOYxlGA==",
      "license": "MIT",
      "dependencies": {
        "@octokit/request": "^10.0.6",
        "@octokit/types": "^16.0.0",
        "universal-user-agent": "^7.0.0"
      },
      "engines": {
        "node": ">= 20"
      }
    },
    "node_modules/@octokit/oauth-app": {
      "version": "8.0.3",
      "resolved": "https://registry.npmjs.org/@octokit/oauth-app/-/oauth-app-8.0.3.tgz",
      "integrity": "sha512-jnAjvTsPepyUaMu9e69hYBuozEPgYqP4Z3UnpmvoIzHDpf8EXDGvTY1l1jK0RsZ194oRd+k6Hm13oRU8EoDFwg==",
      "license": "MIT",
      "dependencies": {
        "@octokit/auth-oauth-app": "^9.0.2",
        "@octokit/auth-oauth-user": "^6.0.1",
        "@octokit/auth-unauthenticated": "^7.0.2",
        "@octokit/core": "^7.0.5",
        "@octokit/oauth-authorization-url": "^8.0.0",
        "@octokit/oauth-methods": "^6.0.1",
        "@types/aws-lambda": "^8.10.83",
        "universal-user-agent": "^7.0.0"
      },
      "engines": {
        "node": ">= 20"
      }
    },
    "node_modules/@octokit/oauth-authorization-url": {
      "version": "8.0.0",
      "resolved": "https://registry.npmjs.org/@octokit/oauth-authorization-url/-/oauth-authorization-url-8.0.0.tgz",
      "integrity": "sha512-7QoLPRh/ssEA/HuHBHdVdSgF8xNLz/Bc5m9fZkArJE5bb6NmVkDm3anKxXPmN1zh6b5WKZPRr3697xKT/yM3qQ==",
      "license": "MIT",
      "engines": {
        "node": ">= 20"
      }
    },
    "node_modules/@octokit/oauth-methods": {
      "version": "6.0.2",
      "resolved": "https://registry.npmjs.org/@octokit/oauth-methods/-/oauth-methods-6.0.2.tgz",
      "integrity": "sha512-HiNOO3MqLxlt5Da5bZbLV8Zarnphi4y9XehrbaFMkcoJ+FL7sMxH/UlUsCVxpddVu4qvNDrBdaTVE2o4ITK8ng==",
      "license": "MIT",
      "dependencies": {
        "@octokit/oauth-authorization-url": "^8.0.0",
        "@octokit/request": "^10.0.6",
        "@octokit/request-error": "^7.0.2",
        "@octokit/types": "^16.0.0"
      },
      "engines": {
        "node": ">= 20"
      }
    },
    "node_modules/@octokit/openapi-types": {
      "version": "27.0.0",
      "resolved": "https://registry.npmjs.org/@octokit/openapi-types/-/openapi-types-27.0.0.tgz",
      "integrity": "sha512-whrdktVs1h6gtR+09+QsNk2+FO+49j6ga1c55YZudfEG+oKJVvJLQi3zkOm5JjiUXAagWK2tI2kTGKJ2Ys7MGA==",
      "license": "MIT"
    },
    "node_modules/@octokit/openapi-webhooks-types": {
      "version": "12.1.0",
      "resolved": "https://registry.npmjs.org/@octokit/openapi-webhooks-types/-/openapi-webhooks-types-12.1.0.tgz",
      "integrity": "sha512-WiuzhOsiOvb7W3Pvmhf8d2C6qaLHXrWiLBP4nJ/4kydu+wpagV5Fkz9RfQwV2afYzv3PB+3xYgp4mAdNGjDprA==",
      "license": "MIT"
    },
    "node_modules/@octokit/plugin-paginate-graphql": {
      "version": "6.0.0",
      "resolved": "https://registry.npmjs.org/@octokit/plugin-paginate-graphql/-/plugin-paginate-graphql-6.0.0.tgz",
      "integrity": "sha512-crfpnIoFiBtRkvPqOyLOsw12XsveYuY2ieP6uYDosoUegBJpSVxGwut9sxUgFFcll3VTOTqpUf8yGd8x1OmAkQ==",
      "license": "MIT",
      "engines": {
        "node": ">= 20"
      },
      "peerDependencies": {
        "@octokit/core": ">=6"
      }
    },
    "node_modules/@octokit/plugin-paginate-rest": {
      "version": "14.0.0",
      "resolved": "https://registry.npmjs.org/@octokit/plugin-paginate-rest/-/plugin-paginate-rest-14.0.0.tgz",
      "integrity": "sha512-fNVRE7ufJiAA3XUrha2omTA39M6IXIc6GIZLvlbsm8QOQCYvpq/LkMNGyFlB1d8hTDzsAXa3OKtybdMAYsV/fw==",
      "license": "MIT",
      "dependencies": {
        "@octokit/types": "^16.0.0"
      },
      "engines": {
        "node": ">= 20"
      },
      "peerDependencies": {
        "@octokit/core": ">=6"
      }
    },
    "node_modules/@octokit/plugin-rest-endpoint-methods": {
      "version": "17.0.0",
      "resolved": "https://registry.npmjs.org/@octokit/plugin-rest-endpoint-methods/-/plugin-rest-endpoint-methods-17.0.0.tgz",
      "integrity": "sha512-B5yCyIlOJFPqUUeiD0cnBJwWJO8lkJs5d8+ze9QDP6SvfiXSz1BF+91+0MeI1d2yxgOhU/O+CvtiZ9jSkHhFAw==",
      "license": "MIT",
      "dependencies": {
        "@octokit/types": "^16.0.0"
      },
      "engines": {
        "node": ">= 20"
      },
      "peerDependencies": {
        "@octokit/core": ">=6"
      }
    },
    "node_modules/@octokit/plugin-retry": {
      "version": "8.1.0",
      "resolved": "https://registry.npmjs.org/@octokit/plugin-retry/-/plugin-retry-8.1.0.tgz",
      "integrity": "sha512-O1FZgXeiGb2sowEr/hYTr6YunGdSAFWnr2fyW39Ah85H8O33ELASQxcvOFF5LE6Tjekcyu2ms4qAzJVhSaJxTw==",
      "license": "MIT",
      "dependencies": {
        "@octokit/request-error": "^7.0.2",
        "@octokit/types": "^16.0.0",
        "bottleneck": "^2.15.3"
      },
      "engines": {
        "node": ">= 20"
      },
      "peerDependencies": {
        "@octokit/core": ">=7"
      }
    },
    "node_modules/@octokit/plugin-throttling": {
      "version": "11.0.3",
      "resolved": "https://registry.npmjs.org/@octokit/plugin-throttling/-/plugin-throttling-11.0.3.tgz",
      "integrity": "sha512-34eE0RkFCKycLl2D2kq7W+LovheM/ex3AwZCYN8udpi6bxsyjZidb2McXs69hZhLmJlDqTSP8cH+jSRpiaijBg==",
      "license": "MIT",
      "dependencies": {
        "@octokit/types": "^16.0.0",
        "bottleneck": "^2.15.3"
      },
      "engines": {
        "node": ">= 20"
      },
      "peerDependencies": {
        "@octokit/core": "^7.0.0"
      }
    },
    "node_modules/@octokit/request": {
      "version": "10.0.11",
      "resolved": "https://registry.npmjs.org/@octokit/request/-/request-10.0.11.tgz",
      "integrity": "sha512-+s7HUxjfFqOMS9VlIwDffq0MikjSAK0gSpG73W+meAvVAvX4MBrHYTK5Bj3Uot55qFT4gzUtfzE4mGWY4Br8/Q==",
      "license": "MIT",
      "dependencies": {
        "@octokit/endpoint": "^11.0.3",
        "@octokit/request-error": "^7.0.2",
        "@octokit/types": "^16.0.0",
        "content-type": "^2.0.0",
        "json-with-bigint": "^3.5.3",
        "universal-user-agent": "^7.0.2"
      },
      "engines": {
        "node": ">= 20"
      }
    },
    "node_modules/@octokit/request-error": {
      "version": "7.1.0",
      "resolved": "https://registry.npmjs.org/@octokit/request-error/-/request-error-7.1.0.tgz",
      "integrity": "sha512-KMQIfq5sOPpkQYajXHwnhjCC0slzCNScLHs9JafXc4RAJI+9f+jNDlBNaIMTvazOPLgb4BnlhGJOTbnN0wIjPw==",
      "license": "MIT",
      "dependencies": {
        "@octokit/types": "^16.0.0"
      },
      "engines": {
        "node": ">= 20"
      }
    },
    "node_modules/@octokit/types": {
      "version": "16.0.0",
      "resolved": "https://registry.npmjs.org/@octokit/types/-/types-16.0.0.tgz",
      "integrity": "sha512-sKq+9r1Mm4efXW1FCk7hFSeJo4QKreL/tTbR0rz/qx/r1Oa2VV83LTA/H/MuCOX7uCIJmQVRKBcbmWoySjAnSg==",
      "license": "MIT",
      "dependencies": {
        "@octokit/openapi-types": "^27.0.0"
      }
    },
    "node_modules/@octokit/webhooks": {
      "version": "14.2.0",
      "resolved": "https://registry.npmjs.org/@octokit/webhooks/-/webhooks-14.2.0.tgz",
      "integrity": "sha512-da6KbdNCV5sr1/txD896V+6W0iamFWrvVl8cHkBSPT+YlvmT3DwXa4jxZnQc+gnuTEqSWbBeoSZYTayXH9wXcw==",
      "license": "MIT",
      "dependencies": {
        "@octokit/openapi-webhooks-types": "12.1.0",
        "@octokit/request-error": "^7.0.0",
        "@octokit/webhooks-methods": "^6.0.0"
      },
      "engines": {
        "node": ">= 20"
      }
    },
    "node_modules/@octokit/webhooks-methods": {
      "version": "6.0.0",
      "resolved": "https://registry.npmjs.org/@octokit/webhooks-methods/-/webhooks-methods-6.0.0.tgz",
      "integrity": "sha512-MFlzzoDJVw/GcbfzVC1RLR36QqkTLUf79vLVO3D+xn7r0QgxnFoLZgtrzxiQErAjFUOdH6fas2KeQJ1yr/qaXQ==",
      "license": "MIT",
      "engines": {
        "node": ">= 20"
      }
    },
    "node_modules/@types/aws-lambda": {
      "version": "8.10.162",
      "resolved": "https://registry.npmjs.org/@types/aws-lambda/-/aws-lambda-8.10.162.tgz",
      "integrity": "sha512-Fn658grtLOci1oxi1391vvDWJRKNGWRSqfxRkmN/Iy3c0tQH1USMKEXcPYHLvope+ZgTFocx9FRQJx1muBL6qw==",
      "license": "MIT"
    },
    "node_modules/@types/node": {
      "version": "22.20.0",
      "resolved": "https://registry.npmjs.org/@types/node/-/node-22.20.0.tgz",
      "integrity": "sha512-QWlFW2wf3nTjC13/DqRnBpR4ZO36VJH/JVBkA/vcnmbTBNQIlnObqyqZE1tUR7+Ni23Lda8R1BxMfbXRpCUx5g==",
      "dev": true,
      "license": "MIT",
      "dependencies": {
        "undici-types": "~6.21.0"
      }
    },
    "node_modules/@types/source-map": {
      "version": "0.1.29",
      "resolved": "https://registry.npmjs.org/@types/source-map/-/source-map-0.1.29.tgz",
      "integrity": "sha1-1wSKYBgLCfiqbVO9oxHGtRy9cBg="
    },
    "node_modules/@types/winreg": {
      "version": "1.2.36",
      "resolved": "https://registry.npmjs.org/@types/winreg/-/winreg-1.2.36.tgz",
      "integrity": "sha512-DtafHy5A8hbaosXrbr7YdjQZaqVewXmiasRS5J4tYMzt3s1gkh40ixpxgVFfKiQ0JIYetTJABat47v9cpr/sQg==",
      "dev": true,
      "license": "MIT"
    },
    "node_modules/async-limiter": {
      "version": "1.0.0",
      "resolved": "https://registry.npmjs.org/async-limiter/-/async-limiter-1.0.0.tgz",
      "integrity": "sha512-jp/uFnooOiO+L211eZOoSyzpOITMXx1rBITauYykG3BRYPu8h0UcxsPNB04RR5vo4Tyz3+ay17tR6JVf9qzYWg=="
    },
    "node_modules/balanced-match": {
      "version": "1.0.0",
      "resolved": "https://registry.npmjs.org/balanced-match/-/balanced-match-1.0.0.tgz",
      "integrity": "sha1-ibTRmasr7kneFk6gK4nORi1xt2c="
    },
    "node_modules/before-after-hook": {
      "version": "4.0.0",
      "resolved": "https://registry.npmjs.org/before-after-hook/-/before-after-hook-4.0.0.tgz",
      "integrity": "sha512-q6tR3RPqIB1pMiTRMFcZwuG5T8vwp+vUvEG0vuI6B+Rikh5BfPp2fQ82c925FOs+b0lcFQ8CFrL+KbilfZFhOQ==",
      "license": "Apache-2.0"
    },
    "node_modules/bottleneck": {
      "version": "2.19.5",
      "resolved": "https://registry.npmjs.org/bottleneck/-/bottleneck-2.19.5.tgz",
      "integrity": "sha512-VHiNCbI1lKdl44tGrhNfU3lup0Tj/ZBMJB5/2ZbNXRCPuRCO7ed2mgcK4r17y+KB2EfuYuRaVlwNbAeaWGSpbw==",
      "license": "MIT"
    },
    "node_modules/brace-expansion": {
      "version": "1.1.15",
      "resolved": "https://registry.npmjs.org/brace-expansion/-/brace-expansion-1.1.15.tgz",
      "integrity": "sha512-EwOCDEex4quD37XhqM3omwtMoJjr//isUZz1JopUNWms+4Z2ViyM/k1YIRePpoVNnQhENnxtFjLaxNHrT7xIUg==",
      "license": "MIT",
      "dependencies": {
        "balanced-match": "^1.0.0",
        "concat-map": "0.0.1"
      }
    },
    "node_modules/color": {
      "version": "3.2.1",
      "resolved": "https://registry.npmjs.org/color/-/color-3.2.1.tgz",
      "integrity": "sha512-aBl7dZI9ENN6fUGC7mWpMTPNHmWUSNan9tuWN6ahh5ZLNk9baLJOnSMlrQkHcrfFgz2/RigjUVAjdx36VcemKA==",
      "license": "MIT",
      "dependencies": {
        "color-convert": "^1.9.3",
        "color-string": "^1.6.0"
      }
    },
    "node_modules/color-name": {
      "version": "1.1.3",
      "resolved": "https://registry.npmjs.org/color-name/-/color-name-1.1.3.tgz",
      "integrity": "sha512-72fSenhMw2HZMTVHeCA9KCmpEIbzWiQsjN+BHcBbS9vr1mtt+vJjPdksIBNUmKAW8TFUDPJK5SUU3QhE9NEXDw==",
      "license": "MIT"
    },
    "node_modules/color-string": {
      "version": "1.9.1",
      "resolved": "https://registry.npmjs.org/color-string/-/color-string-1.9.1.tgz",
      "integrity": "sha512-shrVawQFojnZv6xM40anx4CkoDP+fZsw/ZerEMsW/pyzsRbElpsL/DBVW7q3ExxwusdNXI3lXpuhEZkzs8p5Eg==",
      "license": "MIT",
      "dependencies": {
        "color-name": "^1.0.0",
        "simple-swizzle": "^0.2.2"
      }
    },
    "node_modules/color/node_modules/color-convert": {
      "version": "1.9.3",
      "resolved": "https://registry.npmjs.org/color-convert/-/color-convert-1.9.3.tgz",
      "integrity": "sha512-QfAUtd+vFdAtFQcC8CCyYt1fYWxSqAiK2cSD6zDB8N3cpsEBAvRxp9zOGg6G/SHHJYAT88/az/IuDGALsNVbGg==",
      "license": "MIT",
      "dependencies": {
        "color-name": "1.1.3"
      }
    },
    "node_modules/concat-map": {
      "version": "0.0.1",
      "resolved": "https://registry.npmjs.org/concat-map/-/concat-map-0.0.1.tgz",
      "integrity": "sha1-2Klr13/Wjfd5OnMDajug1UBdR3s="
    },
    "node_modules/content-type": {
      "version": "2.0.0",
      "resolved": "https://registry.npmjs.org/content-type/-/content-type-2.0.0.tgz",
      "integrity": "sha512-j/O/d7GcZCyNl7/hwZAb606rzqkyvaDctLmckbxLzHvFBzTJHuGEdodATcP3yIRoDrLHkIATJuvzbFlp/ki2cQ==",
      "license": "MIT",
      "engines": {
        "node": ">=18"
      },
      "funding": {
        "type": "opencollective",
        "url": "https://opencollective.com/express"
      }
    },
    "node_modules/devtools-protocol": {
      "version": "0.0.588169",
      "resolved": "https://registry.npmjs.org/devtools-protocol/-/devtools-protocol-0.0.588169.tgz",
      "integrity": "sha512-DDGCT3YFiamX4jRPqg4galOrQS8DsU0j+xM5iaR0YB5TM1fjCZejQ7MSe9ByIMIq4IsnULY/4Qp3TBWAUjMgXw=="
    },
    "node_modules/fs.realpath": {
      "version": "1.0.0",
      "resolved": "https://registry.npmjs.org/fs.realpath/-/fs.realpath-1.0.0.tgz",
      "integrity": "sha1-FQStJSMVjKpA20onh8sBQRmU6k8="
    },
    "node_modules/glob": {
      "version": "7.1.4",
      "resolved": "https://registry.npmjs.org/glob/-/glob-7.1.4.tgz",
      "integrity": "sha512-hkLPepehmnKk41pUGm3sYxoFs/umurYfYJCerbXEyFIWcAzvpipAgVkBqqT9RBKMGjnq6kMuyYwha6csxbiM1A==",
      "dependencies": {
        "fs.realpath": "^1.0.0",
        "inflight": "^1.0.4",
        "inherits": "2",
        "minimatch": "^3.0.4",
        "once": "^1.3.0",
        "path-is-absolute": "^1.0.0"
      },
      "engines": {
        "node": "*"
      }
    },
    "node_modules/gql.tada": {
      "version": "1.11.2",
      "resolved": "https://registry.npmjs.org/gql.tada/-/gql.tada-1.11.2.tgz",
      "integrity": "sha512-oBr7ShA5/TmcwOO7BZgN1SynX2rBU+/ltysB0zXc+NCBF+9YOg6MRzJcTfLjIqDKdcE3LGxpOl0l9hBbxmyzmA==",
      "license": "MIT",
      "dependencies": {
        "@0no-co/graphql.web": "^1.3.2",
        "@0no-co/graphqlsp": "^1.17.3",
        "@gql.tada/cli-utils": "1.9.2",
        "@gql.tada/internal": "1.2.1"
      },
      "bin": {
        "gql-tada": "bin/cli.js",
        "gql.tada": "bin/cli.js"
      },
      "peerDependencies": {
        "typescript": "^5.0.0 || ^6.0.0 || ^7.0.0 || ^8.0.0"
      }
    },
    "node_modules/graphql": {
      "version": "16.9.0",
      "resolved": "https://registry.npmjs.org/graphql/-/graphql-16.9.0.tgz",
      "integrity": "sha512-GGTKBX4SD7Wdb8mqeDLni2oaRGYQWjWHGKPQ24ZMnUtKfcsVoiv4uX8+LJr1K6U5VW2Lu1BwJnj7uiori0YtRw==",
      "engines": {
        "node": "^12.22.0 || ^14.16.0 || ^16.0.0 || >=17.0.0"
      }
    },
    "node_modules/inflight": {
      "version": "1.0.6",
      "resolved": "https://registry.npmjs.org/inflight/-/inflight-1.0.6.tgz",
      "integrity": "sha1-Sb1jMdfQLQwJvJEKEHW6gWW1bfk=",
      "dependencies": {
        "once": "^1.3.0",
        "wrappy": "1"
      }
    },
    "node_modules/inherits": {
      "version": "2.0.3",
      "resolved": "https://registry.npmjs.org/inherits/-/inherits-2.0.3.tgz",
      "integrity": "sha1-Yzwsg+PaQqUC9SRmAiSA9CCCYd4="
    },
    "node_modules/is-arrayish": {
      "version": "0.3.4",
      "resolved": "https://registry.npmjs.org/is-arrayish/-/is-arrayish-0.3.4.tgz",
      "integrity": "sha512-m6UrgzFVUYawGBh1dUsWR5M2Clqic9RVXC/9f8ceNlv2IcO9j9J/z8UoCLPqtsPBFNzEpfR3xftohbfqDx8EQA==",
      "license": "MIT"
    },
    "node_modules/json-with-bigint": {
      "version": "3.5.8",
      "resolved": "https://registry.npmjs.org/json-with-bigint/-/json-with-bigint-3.5.8.tgz",
      "integrity": "sha512-eq/4KP6K34kwa7TcFdtvnftvHCD9KvHOGGICWwMFc4dOOKF5t4iYqnfLK8otCRCRv06FXOzGGyqE8h8ElMvvdw==",
      "license": "MIT"
    },
    "node_modules/minimatch": {
      "version": "3.1.5",
      "resolved": "https://registry.npmjs.org/minimatch/-/minimatch-3.1.5.tgz",
      "integrity": "sha512-VgjWUsnnT6n+NUk6eZq77zeFdpW2LWDzP6zFGrCbHXiYNul5Dzqk2HHQ5uFH2DNW5Xbp8+jVzaeNt94ssEEl4w==",
      "license": "ISC",
      "dependencies": {
        "brace-expansion": "^1.1.7"
      },
      "engines": {
        "node": "*"
      }
    },
    "node_modules/mkdirp": {
      "version": "1.0.4",
      "resolved": "https://registry.npmjs.org/mkdirp/-/mkdirp-1.0.4.tgz",
      "integrity": "sha512-vVqVZQyf3WLx2Shd0qJ9xuvqgAyKPLAiqITEtqW0oIUjzo3PePDd6fW9iFz30ef7Ysp/oiWqbhszeGWW2T6Gzw==",
      "license": "MIT",
      "bin": {
        "mkdirp": "bin/cmd.js"
      },
      "engines": {
        "node": ">=10"
      }
    },
    "node_modules/noice-json-rpc": {
      "version": "1.2.0",
      "resolved": "https://registry.npmjs.org/noice-json-rpc/-/noice-json-rpc-1.2.0.tgz",
      "integrity": "sha512-Wm+otW+drKzdqlSPoSwj34tUEq/Xj1gX6Cr2avrykvTW4IY7d3ngLmP+PErALzS0s9nYRokXvYDM54sbFvLlDA=="
    },
    "node_modules/octokit": {
      "version": "5.0.5",
      "resolved": "https://registry.npmjs.org/octokit/-/octokit-5.0.5.tgz",
      "integrity": "sha512-4+/OFSqOjoyULo7eN7EA97DE0Xydj/PW5aIckxqQIoFjFwqXKuFCvXUJObyJfBF9Khu4RL/jlDRI9FPaMGfPnw==",
      "license": "MIT",
      "dependencies": {
        "@octokit/app": "^16.1.2",
        "@octokit/core": "^7.0.6",
        "@octokit/oauth-app": "^8.0.3",
        "@octokit/plugin-paginate-graphql": "^6.0.0",
        "@octokit/plugin-paginate-rest": "^14.0.0",
        "@octokit/plugin-rest-endpoint-methods": "^17.0.0",
        "@octokit/plugin-retry": "^8.0.3",
        "@octokit/plugin-throttling": "^11.0.3",
        "@octokit/request-error": "^7.0.2",
        "@octokit/types": "^16.0.0",
        "@octokit/webhooks": "^14.0.0"
      },
      "engines": {
        "node": ">= 20"
      }
    },
    "node_modules/once": {
      "version": "1.4.0",
      "resolved": "https://registry.npmjs.org/once/-/once-1.4.0.tgz",
      "integrity": "sha1-WDsap3WWHUsROsF9nFC6753Xa9E=",
      "dependencies": {
        "wrappy": "1"
      }
    },
    "node_modules/path-is-absolute": {
      "version": "1.0.1",
      "resolved": "https://registry.npmjs.org/path-is-absolute/-/path-is-absolute-1.0.1.tgz",
      "integrity": "sha1-F0uSaHNVNP+8es5r9TpanhtcX18=",
      "engines": {
        "node": ">=0.10.0"
      }
    },
    "node_modules/simple-swizzle": {
      "version": "0.2.4",
      "resolved": "https://registry.npmjs.org/simple-swizzle/-/simple-swizzle-0.2.4.tgz",
      "integrity": "sha512-nAu1WFPQSMNr2Zn9PGSZK9AGn4t/y97lEm+MXTtUDwfP0ksAIX4nO+6ruD9Jwut4C49SB1Ws+fbXsm/yScWOHw==",
      "license": "MIT",
      "dependencies": {
        "is-arrayish": "^0.3.1"
      }
    },
    "node_modules/source-map": {
      "version": "0.6.1",
      "resolved": "https://registry.npmjs.org/source-map/-/source-map-0.6.1.tgz",
      "integrity": "sha512-UjgapumWlbMhkBgzT7Ykc5YXUT46F0iKu8SGXq0bcwP5dz/h0Plj6enJqjz1Zbq2l5WaqYnrVbwWOWMyF3F47g==",
      "engines": {
        "node": ">=0.10.0"
      }
    },
    "node_modules/toad-cache": {
      "version": "3.7.1",
      "resolved": "https://registry.npmjs.org/toad-cache/-/toad-cache-3.7.1.tgz",
      "integrity": "sha512-5DXWzE4Vz7xNHsv+xQ+MGfJYyC78Aok3tEr0MNwHoRf7vZnga1mQXZ4/Nsodld4VR6Wd+VhfmqnNrsRJyYPfrQ==",
      "license": "MIT",
      "engines": {
        "node": ">=20"
      }
    },
    "node_modules/typescript": {
      "version": "6.0.3",
      "resolved": "https://registry.npmjs.org/typescript/-/typescript-6.0.3.tgz",
      "integrity": "sha512-y2TvuxSZPDyQakkFRPZHKFm+KKVqIisdg9/CZwm9ftvKXLP8NRWj38/ODjNbr43SsoXqNuAisEf1GdCxqWcdBw==",
      "license": "Apache-2.0",
      "bin": {
        "tsc": "bin/tsc",
        "tsserver": "bin/tsserver"
      },
      "engines": {
        "node": ">=14.17"
      }
    },
    "node_modules/undici-types": {
      "version": "6.21.0",
      "resolved": "https://registry.npmjs.org/undici-types/-/undici-types-6.21.0.tgz",
      "integrity": "sha512-iwDZqg0QAGrg9Rav5H4n0M64c3mkR59cJ6wQp+7C4nI0gsmExaedaYLNO44eT4AtBBwjbTiGPMlt2Md0T9H9JQ==",
      "dev": true,
      "license": "MIT"
    },
    "node_modules/universal-github-app-jwt": {
      "version": "2.2.2",
      "resolved": "https://registry.npmjs.org/universal-github-app-jwt/-/universal-github-app-jwt-2.2.2.tgz",
      "integrity": "sha512-dcmbeSrOdTnsjGjUfAlqNDJrhxXizjAz94ija9Qw8YkZ1uu0d+GoZzyH+Jb9tIIqvGsadUfwg+22k5aDqqwzbw==",
      "license": "MIT"
    },
    "node_modules/universal-user-agent": {
      "version": "7.0.3",
      "resolved": "https://registry.npmjs.org/universal-user-agent/-/universal-user-agent-7.0.3.tgz",
      "integrity": "sha512-TmnEAEAsBJVZM/AADELsK76llnwcf9vMKuPz8JflO1frO8Lchitr0fNaN9d+Ap0BjKtqWqd/J17qeDnXh8CL2A==",
      "license": "ISC"
    },
    "node_modules/vscode-chrome-debug-core": {
      "version": "6.8.11",
      "resolved": "https://registry.npmjs.org/vscode-chrome-debug-core/-/vscode-chrome-debug-core-6.8.11.tgz",
      "integrity": "sha512-SZZHhKeatXCDqlD+6E/EtEJqcteDJD6y3IVV+6VXX1d1wxPxlJyYcoLhtnX/X5Vvo/5CEm5s8DNGkFoiHgxOUw==",
      "license": "SEE LICENSE IN LICENSE.txt",
      "dependencies": {
        "@types/source-map": "^0.1.27",
        "color": "^3.1.3",
        "devtools-protocol": "0.0.588169",
        "glob": "^7.1.3",
        "noice-json-rpc": "^1.2.0",
        "source-map": "^0.6.1",
        "vscode-debugadapter": "^1.47.0",
        "vscode-debugprotocol": "^1.37.0",
        "vscode-nls": "^4.0.0",
        "vscode-uri": "^2.0.2",
        "ws": "^6.0.0"
      }
    },
    "node_modules/vscode-debugadapter": {
      "version": "1.51.0",
      "resolved": "https://registry.npmjs.org/vscode-debugadapter/-/vscode-debugadapter-1.51.0.tgz",
      "integrity": "sha512-mObaXD5/FH/z6aL2GDuyCLbnwLsYRCAJWgFid01vKW9Y5Si8OvINK+Tn+Yl/lRUbetjNuZW3j1euMEz6z8Yzqg==",
      "deprecated": "This package has been renamed to @vscode/debugadapter, please update to the new name",
      "license": "MIT",
      "dependencies": {
        "mkdirp": "^1.0.4",
        "vscode-debugprotocol": "1.51.0"
      }
    },
    "node_modules/vscode-debugprotocol": {
      "version": "1.51.0",
      "resolved": "https://registry.npmjs.org/vscode-debugprotocol/-/vscode-debugprotocol-1.51.0.tgz",
      "integrity": "sha512-dzKWTMMyebIMPF1VYMuuQj7gGFq7guR8AFya0mKacu+ayptJfaRuM0mdHCqiOth4FnRP8mPhEroFPx6Ift8wHA==",
      "deprecated": "This package has been renamed to @vscode/debugprotocol, please update to the new name",
      "license": "MIT"
    },
    "node_modules/vscode-nls": {
      "version": "4.1.1",
      "resolved": "https://registry.npmjs.org/vscode-nls/-/vscode-nls-4.1.1.tgz",
      "integrity": "sha512-4R+2UoUUU/LdnMnFjePxfLqNhBS8lrAFyX7pjb2ud/lqDkrUavFUTcG7wR0HBZFakae0Q6KLBFjMS6W93F403A=="
    },
    "node_modules/vscode-uri": {
      "version": "2.0.2",
      "resolved": "https://registry.npmjs.org/vscode-uri/-/vscode-uri-2.0.2.tgz",
      "integrity": "sha512-VebpIxm9tG0fG2sBOhnsSPzDYuNUPP1UQW4K3mwthlca4e4f3d6HKq3HkITC2OPFomOaB7pHTSjcpdFWjfYTzg=="
    },
    "node_modules/winreg": {
      "version": "1.2.5",
      "resolved": "https://registry.npmjs.org/winreg/-/winreg-1.2.5.tgz",
      "integrity": "sha512-uf7tHf+tw0B1y+x+mKTLHkykBgK2KMs3g+KlzmyMbLvICSHQyB/xOFjTT8qZ3oeTFyU7Bbj4FzXitGG6jvKhYw==",
      "license": "BSD-2-Clause"
    },
    "node_modules/wrappy": {
      "version": "1.0.2",
      "resolved": "https://registry.npmjs.org/wrappy/-/wrappy-1.0.2.tgz",
      "integrity": "sha1-tSQ9jz7BqjXxNkYFvA0QNuMKtp8="
    },
    "node_modules/ws": {
      "version": "6.2.4",
      "resolved": "https://registry.npmjs.org/ws/-/ws-6.2.4.tgz",
      "integrity": "sha512-PNIUUyLI5YpkJZj60YBzX1o0ByQ4ovvfmq9N/Kig/PAYbVlGyz4R6G0SEWrD0O9acc0sT2+IdMBVLFv8FSi0Nw==",
      "license": "MIT",
      "dependencies": {
        "async-limiter": "~1.0.0"
      }
    }
  }
}
